
Microsoft Visual Studio Solution File, Format Version 12.00
# Visual Studio 15
Project("{FAE04EC0-301F-11D3-BF4B-00C04F79EFBC}") = "SuperTiled2Unity", "SuperTiled2Unity.csproj", "{11832B2B-E307-1D16-79EF-FAE50B5DCE7D}"
EndProject
Project("{FAE04EC0-301F-11D3-BF4B-00C04F79EFBC}") = "Assembly-CSharp", "Assembly-CSharp.csproj", "{72698F74-8BA4-A8DA-B512-874A38E36757}"
EndProject
Project("{FAE04EC0-301F-11D3-BF4B-00C04F79EFBC}") = "SuperTiled2UnityEditor", "SuperTiled2UnityEditor.csproj", "{8EB1D3D3-0ED2-ED97-CB2B-9AE91073F9B9}"
EndProject
Global
	GlobalSection(SolutionConfigurationPlatforms) = preSolution
		Debug|Any CPU = Debug|Any CPU
		Release|Any CPU = Release|Any CPU
	EndGlobalSection
	GlobalSection(ProjectConfigurationPlatforms) = postSolution
		{11832B2B-E307-1D16-79EF-FAE50B5DCE7D}.Debug|Any CPU.ActiveCfg = Debug|Any CPU
		{11832B2B-E307-1D16-79EF-FAE50B5DCE7D}.Debug|Any CPU.Build.0 = Debug|Any CPU
		{11832B2B-E307-1D16-79EF-FAE50B5DCE7D}.Release|Any CPU.ActiveCfg = Release|Any CPU
		{11832B2B-E307-1D16-79EF-FAE50B5DCE7D}.Release|Any CPU.Build.0 = Release|Any CPU
		{72698F74-8BA4-A8DA-B512-874A38E36757}.Debug|Any CPU.ActiveCfg = Debug|Any CPU
		{72698F74-8BA4-A8DA-B512-874A38E36757}.Debug|Any CPU.Build.0 = Debug|Any CPU
		{72698F74-8BA4-A8DA-B512-874A38E36757}.Release|Any CPU.ActiveCfg = Release|Any CPU
		{72698F74-8BA4-A8DA-B512-874A38E36757}.Release|Any CPU.Build.0 = Release|Any CPU
		{8EB1D3D3-0ED2-ED97-CB2B-9AE91073F9B9}.Debug|Any CPU.ActiveCfg = Debug|Any CPU
		{8EB1D3D3-0ED2-ED97-CB2B-9AE91073F9B9}.Debug|Any CPU.Build.0 = Debug|Any CPU
		{8EB1D3D3-0ED2-ED97-CB2B-9AE91073F9B9}.Release|Any CPU.ActiveCfg = Release|Any CPU
		{8EB1D3D3-0ED2-ED97-CB2B-9AE91073F9B9}.Release|Any CPU.Build.0 = Release|Any CPU
	EndGlobalSection
	GlobalSection(SolutionProperties) = preSolution
		HideSolutionNode = FALSE
	EndGlobalSection
EndGlobal
